
Microsoft Visual Studio Solution File, Format Version 12.00
# Visual Studio Version 17
VisualStudioVersion = 17.7.34221.43
MinimumVisualStudioVersion = 10.0.40219.1
Project("{9A19103F-16F7-4668-BE54-9A1E7A4F7556}") = "Bank'", "Bank'\Bank'.csproj", "{64A0318F-2854-476A-8C9A-602DF03DE1CE}"
EndProject
Project("{9A19103F-16F7-4668-BE54-9A1E7A4F7556}") = "User", "User\User.csproj", "{B348B75D-8678-4223-9E29-5EFA17D6F32F}"
EndProject
Global
	GlobalSection(SolutionConfigurationPlatforms) = preSolution
		Debug|Any CPU = Debug|Any CPU
		Release|Any CPU = Release|Any CPU
	EndGlobalSection
	GlobalSection(ProjectConfigurationPlatforms) = postSolution
		{64A0318F-2854-476A-8C9A-602DF03DE1CE}.Debug|Any CPU.ActiveCfg = Debug|Any CPU
		{64A0318F-2854-476A-8C9A-602DF03DE1CE}.Debug|Any CPU.Build.0 = Debug|Any CPU
		{64A0318F-2854-476A-8C9A-602DF03DE1CE}.Release|Any CPU.ActiveCfg = Release|Any CPU
		{64A0318F-2854-476A-8C9A-602DF03DE1CE}.Release|Any CPU.Build.0 = Release|Any CPU
		{B348B75D-8678-4223-9E29-5EFA17D6F32F}.Debug|Any CPU.ActiveCfg = Debug|Any CPU
		{B348B75D-8678-4223-9E29-5EFA17D6F32F}.Debug|Any CPU.Build.0 = Debug|Any CPU
		{B348B75D-8678-4223-9E29-5EFA17D6F32F}.Release|Any CPU.ActiveCfg = Release|Any CPU
		{B348B75D-8678-4223-9E29-5EFA17D6F32F}.Release|Any CPU.Build.0 = Release|Any CPU
	EndGlobalSection
	GlobalSection(SolutionProperties) = preSolution
		HideSolutionNode = FALSE
	EndGlobalSection
	GlobalSection(ExtensibilityGlobals) = postSolution
		SolutionGuid = {CB74DD4A-0643-421E-9364-8822CB3B9761}
	EndGlobalSection
EndGlobal
